<?xml version="1.0" encoding="utf-8"?>
<Project ToolsVersion="4.0" xmlns="http://schemas.microsoft.com/developer/msbuild/2003">
  <ItemGroup>
    <Filter Include="Source Files">
      <UniqueIdentifier>{4FC737F1-C7A5-4376-A066-2A32D752A2FF}</UniqueIdentifier>
      <Extensions>cpp;c;cc;cxx;def;odl;idl;hpj;bat;asm;asmx</Extensions>
    </Filter>
    <Filter Include="Header Files">
      <UniqueIdentifier>{93995380-89BD-4b04-88EB-625FBE52EBFB}</UniqueIdentifier>
      <Extensions>h;hpp;hxx;hm;inl;inc;xsd</Extensions>
    </Filter>
    <Filter Include="Resource Files">
      <UniqueIdentifier>{67DA6AB6-F800-4c08-8B7A-83BB121AAD01}</UniqueIdentifier>
      <Extensions>rc;ico;cur;bmp;dlg;rc2;rct;bin;rgs;gif;jpg;jpeg;jpe;resx;tiff;tif;png;wav;mfcribbon-ms</Extensions>
    </Filter>
    <Filter Include="Header Files\Framework">
      <UniqueIdentifier>{f5d943db-99be-4ca5-8378-bbffb291f4ef}</UniqueIdentifier>
    </Filter>
    <Filter Include="Header Files\Objects">
      <UniqueIdentifier>{b4868f62-73a8-4b6a-a19f-1d90704eb5a9}</UniqueIdentifier>
    </Filter>
    <Filter Include="Header Files\Shaders">
      <UniqueIdentifier>{2854011d-8cd7-41a5-bb99-18333ba8380c}</UniqueIdentifier>
    </Filter>
    <Filter Include="Source Files\Framework">
      <UniqueIdentifier>{9d09ee5c-968c-4e15-be37-595849b65803}</UniqueIdentifier>
    </Filter>
    <Filter Include="Source Files\Objects">
      <UniqueIdentifier>{50d03d00-1a46-4381-9f0b-9d51381066dd}</UniqueIdentifier>
    </Filter>
    <Filter Include="Source Files\Shaders">
      <UniqueIdentifier>{f8b2cf3a-ff71-4172-83b8-749932bc4ae5}</UniqueIdentifier>
    </Filter>
    <Filter Include="Shaders">
      <UniqueIdentifier>{15ea993d-a6f9-4547-9726-806b68eb21eb}</UniqueIdentifier>
    </Filter>
  </ItemGroup>
  <ItemGroup>
    <None Include="Data\Shaders\DomeShader.fx">
      <Filter>Shaders</Filter>
    </None>
    <None Include="Data\Shaders\FontShader.fx">
      <Filter>Shaders</Filter>
    </None>
    <None Include="Data\Shaders\RefractionShader.fx">
      <Filter>Shaders</Filter>
    </None>
    <None Include="Data\Shaders\TerrainClipShader.fx">
      <Filter>Shaders</Filter>
    </None>
    <None Include="Data\Shaders\TerrainShader.fx">
      <Filter>Shaders</Filter>
    </None>
    <None Include="Data\Shaders\WaterShader.fx">
      <Filter>Shaders</Filter>
    </None>
  </ItemGroup>
  <ItemGroup>
    <ClInclude Include="CameraClass.h">
      <Filter>Header Files\Framework</Filter>
    </ClInclude>
    <ClInclude Include="DirectXClass.h">
      <Filter>Header Files\Framework</Filter>
    </ClInclude>
    <ClInclude Include="InputClass.h">
      <Filter>Header Files\Framework</Filter>
    </ClInclude>
    <ClInclude Include="WindowClass.h">
      <Filter>Header Files\Framework</Filter>
    </ClInclude>
    <ClInclude Include="ApplicationClass.h">
      <Filter>Header Files\Framework</Filter>
    </ClInclude>
    <ClInclude Include="TimerClass.h">
      <Filter>Header Files\Objects</Filter>
    </ClInclude>
    <ClInclude Include="WaterModelClass.h">
      <Filter>Header Files\Objects</Filter>
    </ClInclude>
    <ClInclude Include="BitmapClass.h">
      <Filter>Header Files\Objects</Filter>
    </ClInclude>
    <ClInclude Include="CpuClass.h">
      <Filter>Header Files\Objects</Filter>
    </ClInclude>
    <ClInclude Include="FontClass.h">
      <Filter>Header Files\Objects</Filter>
    </ClInclude>
    <ClInclude Include="LightClass.h">
      <Filter>Header Files\Objects</Filter>
    </ClInclude>
    <ClInclude Include="RenderTextureClass.h">
      <Filter>Header Files\Objects</Filter>
    </ClInclude>
    <ClInclude Include="TerrainClass.h">
      <Filter>Header Files\Objects</Filter>
    </ClInclude>
    <ClInclude Include="TextClass.h">
      <Filter>Header Files\Objects</Filter>
    </ClInclude>
    <ClInclude Include="TextureClass.h">
      <Filter>Header Files\Objects</Filter>
    </ClInclude>
    <ClInclude Include="DomeShaderClass.h">
      <Filter>Header Files\Shaders</Filter>
    </ClInclude>
    <ClInclude Include="FontShaderClass.h">
      <Filter>Header Files\Shaders</Filter>
    </ClInclude>
    <ClInclude Include="RefractionShaderClass.h">
      <Filter>Header Files\Shaders</Filter>
    </ClInclude>
    <ClInclude Include="TerrainClipShaderClass.h">
      <Filter>Header Files\Shaders</Filter>
    </ClInclude>
    <ClInclude Include="TerrainShaderClass.h">
      <Filter>Header Files\Shaders</Filter>
    </ClInclude>
    <ClInclude Include="WaterShaderClass.h">
      <Filter>Header Files\Shaders</Filter>
    </ClInclude>
    <ClInclude Include="ModelClass.h">
      <Filter>Header Files\Objects</Filter>
    </ClInclude>
  </ItemGroup>
  <ItemGroup>
    <ClCompile Include="InputClass.cpp">
      <Filter>Source Files\Framework</Filter>
    </ClCompile>
    <ClCompile Include="Main.cpp">
      <Filter>Source Files\Framework</Filter>
    </ClCompile>
    <ClCompile Include="WindowClass.cpp">
      <Filter>Source Files\Framework</Filter>
    </ClCompile>
    <ClCompile Include="ApplicationClass.cpp">
      <Filter>Source Files\Framework</Filter>
    </ClCompile>
    <ClCompile Include="CameraClass.cpp">
      <Filter>Source Files\Framework</Filter>
    </ClCompile>
    <ClCompile Include="DirectXClass.cpp">
      <Filter>Source Files\Framework</Filter>
    </ClCompile>
    <ClCompile Include="TextureClass.cpp">
      <Filter>Source Files\Objects</Filter>
    </ClCompile>
    <ClCompile Include="TimerClass.cpp">
      <Filter>Source Files\Objects</Filter>
    </ClCompile>
    <ClCompile Include="WaterModelClass.cpp">
      <Filter>Source Files\Objects</Filter>
    </ClCompile>
    <ClCompile Include="FontClass.cpp">
      <Filter>Source Files\Objects</Filter>
    </ClCompile>
    <ClCompile Include="LightClass.cpp">
      <Filter>Source Files\Objects</Filter>
    </ClCompile>
    <ClCompile Include="RenderTextureClass.cpp">
      <Filter>Source Files\Objects</Filter>
    </ClCompile>
    <ClCompile Include="TerrainClass.cpp">
      <Filter>Source Files\Objects</Filter>
    </ClCompile>
    <ClCompile Include="TextClass.cpp">
      <Filter>Source Files\Objects</Filter>
    </ClCompile>
    <ClCompile Include="TerrainClipShaderClass.cpp">
      <Filter>Source Files\Shaders</Filter>
    </ClCompile>
    <ClCompile Include="TerrainShaderClass.cpp">
      <Filter>Source Files\Shaders</Filter>
    </ClCompile>
    <ClCompile Include="WaterShaderClass.cpp">
      <Filter>Source Files\Shaders</Filter>
    </ClCompile>
    <ClCompile Include="DomeShaderClass.cpp">
      <Filter>Source Files\Shaders</Filter>
    </ClCompile>
    <ClCompile Include="FontShaderClass.cpp">
      <Filter>Source Files\Shaders</Filter>
    </ClCompile>
    <ClCompile Include="RefractionShaderClass.cpp">
      <Filter>Source Files\Shaders</Filter>
    </ClCompile>
    <ClCompile Include="ModelClass.cpp">
      <Filter>Source Files\Objects</Filter>
    </ClCompile>
    <ClCompile Include="CpuClass.cpp">
      <Filter>Source Files\Objects</Filter>
    </ClCompile>
    <ClCompile Include="BitmapClass.cpp">
      <Filter>Source Files\Objects</Filter>
    </ClCompile>
  </ItemGroup>
</Project>